// !$*UTF8*$!
{
	archiveVersion = 1;
	classes = {
	};
	objectVersion = 46;
	objects = {

/* Begin PBXBuildFile section */
		F3966EF01706E73700D53AE3 /* UIKit.framework in Frameworks */ = {isa = PBXBuildFile; fileRef = F3966EEF1706E73700D53AE3 /* UIKit.framework */; };
		F3966EF21706E73700D53AE3 /* Foundation.framework in Frameworks */ = {isa = PBXBuildFile; fileRef = F3966EF11706E73700D53AE3 /* Foundation.framework */; };
		F3966EF41706E73700D53AE3 /* CoreGraphics.framework in Frameworks */ = {isa = PBXBuildFile; fileRef = F3966EF31706E73700D53AE3 /* CoreGraphics.framework */; };
		F3966EFA1706E73700D53AE3 /* InfoPlist.strings in Resources */ = {isa = PBXBuildFile; fileRef = F3966EF81706E73700D53AE3 /* InfoPlist.strings */; };
		F3966EFC1706E73700D53AE3 /* main.m in Sources */ = {isa = PBXBuildFile; fileRef = F3966EFB1706E73700D53AE3 /* main.m */; };
		F3966F001706E73700D53AE3 /* AppDelegate.m in Sources */ = {isa = PBXBuildFile; fileRef = F3966EFF1706E73700D53AE3 /* AppDelegate.m */; };
		F3966F021706E73700D53AE3 /* Default.png in Resources */ = {isa = PBXBuildFile; fileRef = F3966F011706E73700D53AE3 /* Default.png */; };
		F3966F041706E73700D53AE3 /* Default@2x.png in Resources */ = {isa = PBXBuildFile; fileRef = F3966F031706E73700D53AE3 /* Default@2x.png */; };
		F3966F061706E73700D53AE3 /* Default-568h@2x.png in Resources */ = {isa = PBXBuildFile; fileRef = F3966F051706E73700D53AE3 /* Default-568h@2x.png */; };
		F3966F091706E73700D53AE3 /* ViewController.m in Sources */ = {isa = PBXBuildFile; fileRef = F3966F081706E73700D53AE3 /* ViewController.m */; };
		F3966F0C1706E73700D53AE3 /* ViewController_iPhone.xib in Resources */ = {isa = PBXBuildFile; fileRef = F3966F0A1706E73700D53AE3 /* ViewController_iPhone.xib */; };
		F3966F0F1706E73700D53AE3 /* ViewController_iPad.xib in Resources */ = {isa = PBXBuildFile; fileRef = F3966F0D1706E73700D53AE3 /* ViewController_iPad.xib */; };
/* End PBXBuildFile section */

/* Begin PBXFileReference section */
		F3966EEC1706E73700D53AE3 /* Remote Dialer.app */ = {isa = PBXFileReference; explicitFileType = wrapper.application; includeInIndex = 0; path = "Remote Dialer.app"; sourceTree = BUILT_PRODUCTS_DIR; };
		F3966EEF1706E73700D53AE3 /* UIKit.framework */ = {isa = PBXFileReference; lastKnownFileType = wrapper.framework; name = UIKit.framework; path = System/Library/Frameworks/UIKit.framework; sourceTree = SDKROOT; };
		F3966EF11706E73700D53AE3 /* Foundation.framework */ = {isa = PBXFileReference; lastKnownFileType = wrapper.framework; name = Foundation.framework; path = System/Library/Frameworks/Foundation.framework; sourceTree = SDKROOT; };
		F3966EF31706E73700D53AE3 /* CoreGraphics.framework */ = {isa = PBXFileReference; lastKnownFileType = wrapper.framework; name = CoreGraphics.framework; path = System/Library/Frameworks/CoreGraphics.framework; sourceTree = SDKROOT; };
		F3966EF71706E73700D53AE3 /* Remote Dialer-Info.plist */ = {isa = PBXFileReference; lastKnownFileType = text.plist.xml; path = "Remote Dialer-Info.plist"; sourceTree = "<group>"; };
		F3966EF91706E73700D53AE3 /* en */ = {isa = PBXFileReference; lastKnownFileType = text.plist.strings; name = en; path = en.lproj/InfoPlist.strings; sourceTree = "<group>"; };
		F3966EFB1706E73700D53AE3 /* main.m */ = {isa = PBXFileReference; lastKnownFileType = sourcecode.c.objc; path = main.m; sourceTree = "<group>"; };
		F3966EFD1706E73700D53AE3 /* Remote Dialer-Prefix.pch */ = {isa = PBXFileReference; lastKnownFileType = sourcecode.c.h; path = "Remote Dialer-Prefix.pch"; sourceTree = "<group>"; };
		F3966EFE1706E73700D53AE3 /* AppDelegate.h */ = {isa = PBXFileReference; lastKnownFileType = sourcecode.c.h; path = AppDelegate.h; sourceTree = "<group>"; };
		F3966EFF1706E73700D53AE3 /* AppDelegate.m */ = {isa = PBXFileReference; lastKnownFileType = sourcecode.c.objc; path = AppDelegate.m; sourceTree = "<group>"; };
		F3966F011706E73700D53AE3 /* Default.png */ = {isa = PBXFileReference; lastKnownFileType = image.png; path = Default.png; sourceTree = "<group>"; };
		F3966F031706E73700D53AE3 /* Default@2x.png */ = {isa = PBXFileReference; lastKnownFileType = image.png; path = "Default@2x.png"; sourceTree = "<group>"; };
		F3966F051706E73700D53AE3 /* Default-568h@2x.png */ = {isa = PBXFileReference; lastKnownFileType = image.png; path = "Default-568h@2x.png"; sourceTree = "<group>"; };
		F3966F071706E73700D53AE3 /* ViewController.h */ = {isa = PBXFileReference; lastKnownFileType = sourcecode.c.h; path = ViewController.h; sourceTree = "<group>"; };
		F3966F081706E73700D53AE3 /* ViewController.m */ = {isa = PBXFileReference; lastKnownFileType = sourcecode.c.objc; path = ViewController.m; sourceTree = "<group>"; };
		F3966F0B1706E73700D53AE3 /* en */ = {isa = PBXFileReference; lastKnownFileType = file.xib; name = en; path = en.lproj/ViewController_iPhone.xib; sourceTree = "<group>"; };
		F3966F0E1706E73700D53AE3 /* en */ = {isa = PBXFileReference; lastKnownFileType = file.xib; name = en; path = en.lproj/ViewController_iPad.xib; sourceTree = "<group>"; };
/* End PBXFileReference section */

/* Begin PBXFrameworksBuildPhase section */
		F3966EE91706E73700D53AE3 /* Frameworks */ = {
			isa = PBXFrameworksBuildPhase;
			buildActionMask = 2147483647;
			files = (
				F3966EF01706E73700D53AE3 /* UIKit.framework in Frameworks */,
				F3966EF21706E73700D53AE3 /* Foundation.framework in Frameworks */,
				F3966EF41706E73700D53AE3 /* CoreGraphics.framework in Frameworks */,
			);
			runOnlyForDeploymentPostprocessing = 0;
		};
/* End PBXFrameworksBuildPhase section */

/* Begin PBXGroup section */
		F3966EE31706E73700D53AE3 = {
			isa = PBXGroup;
			children = (
				F3966EF51706E73700D53AE3 /* Remote Dialer */,
				F3966EEE1706E73700D53AE3 /* Frameworks */,
				F3966EED1706E73700D53AE3 /* Products */,
			);
			sourceTree = "<group>";
		};
		F3966EED1706E73700D53AE3 /* Products */ = {
			isa = PBXGroup;
			children = (
				F3966EEC1706E73700D53AE3 /* Remote Dialer.app */,
			);
			name = Products;
			sourceTree = "<group>";
		};
		F3966EEE1706E73700D53AE3 /* Frameworks */ = {
			isa = PBXGroup;
			children = (
				F3966EEF1706E73700D53AE3 /* UIKit.framework */,
				F3966EF11706E73700D53AE3 /* Foundation.framework */,
				F3966EF31706E73700D53AE3 /* CoreGraphics.framework */,
			);
			name = Frameworks;
			sourceTree = "<group>";
		};
		F3966EF51706E73700D53AE3 /* Remote Dialer */ = {
			isa = PBXGroup;
			children = (
				F3966EFE1706E73700D53AE3 /* AppDelegate.h */,
				F3966EFF1706E73700D53AE3 /* AppDelegate.m */,
				F3966F071706E73700D53AE3 /* ViewController.h */,
				F3966F081706E73700D53AE3 /* ViewController.m */,
				F3966F0A1706E73700D53AE3 /* ViewController_iPhone.xib */,
				F3966F0D1706E73700D53AE3 /* ViewController_iPad.xib */,
				F3966EF61706E73700D53AE3 /* Supporting Files */,
			);
			path = "Remote Dialer";
			sourceTree = "<group>";
		};
		F3966EF61706E73700D53AE3 /* Supporting Files */ = {
			isa = PBXGroup;
			children = (
				F3966EF71706E73700D53AE3 /* Remote Dialer-Info.plist */,
				F3966EF81706E73700D53AE3 /* InfoPlist.strings */,
				F3966EFB1706E73700D53AE3 /* main.m */,
				F3966EFD1706E73700D53AE3 /* Remote Dialer-Prefix.pch */,
				F3966F011706E73700D53AE3 /* Default.png */,
				F3966F031706E73700D53AE3 /* Default@2x.png */,
				F3966F051706E73700D53AE3 /* Default-568h@2x.png */,
			);
			name = "Supporting Files";
			sourceTree = "<group>";
		};
/* End PBXGroup section */

/* Begin PBXNativeTarget section */
		F3966EEB1706E73700D53AE3 /* Remote Dialer */ = {
			isa = PBXNativeTarget;
			buildConfigurationList = F3966F121706E73700D53AE3 /* Build configuration list for PBXNativeTarget "Remote Dialer" */;
			buildPhases = (
				F3966EE81706E73700D53AE3 /* Sources */,
				F3966EE91706E73700D53AE3 /* Frameworks */,
				F3966EEA1706E73700D53AE3 /* Resources */,
			);
			buildRules = (
			);
			dependencies = (
			);
			name = "Remote Dialer";
			productName = "Remote Dialer";
			productReference = F3966EEC1706E73700D53AE3 /* Remote Dialer.app */;
			productType = "com.apple.product-type.application";
		};
/* End PBXNativeTarget section */

/* Begin PBXProject section */
		F3966EE41706E73700D53AE3 /* Project object */ = {
			isa = PBXProject;
			attributes = {
				LastUpgradeCheck = 0460;
				ORGANIZATIONNAME = "Sergey Stasishin";
			};
			buildConfigurationList = F3966EE71706E73700D53AE3 /* Build configuration list for PBXProject "Remote Dialer" */;
			compatibilityVersion = "Xcode 3.2";
			developmentRegion = English;
			hasScannedForEncodings = 0;
			knownRegions = (
				en,
			);
			mainGroup = F3966EE31706E73700D53AE3;
			productRefGroup = F3966EED1706E73700D53AE3 /* Products */;
			projectDirPath = "";
			projectRoot = "";
			targets = (
				F3966EEB1706E73700D53AE3 /* Remote Dialer */,
			);
		};
/* End PBXProject section */

/* Begin PBXResourcesBuildPhase section */
		F3966EEA1706E73700D53AE3 /* Resources */ = {
			isa = PBXResourcesBuildPhase;
			buildActionMask = 2147483647;
			files = (
				F3966EFA1706E73700D53AE3 /* InfoPlist.strings in Resources */,
				F3966F021706E73700D53AE3 /* Default.png in Resources */,
				F3966F041706E73700D53AE3 /* Default@2x.png in Resources */,
				F3966F061706E73700D53AE3 /* Default-568h@2x.png in Resources */,
				F3966F0C1706E73700D53AE3 /* ViewController_iPhone.xib in Resources */,
				F3966F0F1706E73700D53AE3 /* ViewController_iPad.xib in Resources */,
			);
			runOnlyForDeploymentPostprocessing = 0;
		};
/* End PBXResourcesBuildPhase section */

/* Begin PBXSourcesBuildPhase section */
		F3966EE81706E73700D53AE3 /* Sources */ = {
			isa = PBXSourcesBuildPhase;
			buildActionMask = 2147483647;
			files = (
				F3966EFC1706E73700D53AE3 /* main.m in Sources */,
				F3966F001706E73700D53AE3 /* AppDelegate.m in Sources */,
				F3966F091706E73700D53AE3 /* ViewController.m in Sources */,
			);
			runOnlyForDeploymentPostprocessing = 0;
		};
/* End PBXSourcesBuildPhase section */

/* Begin PBXVariantGroup section */
		F3966EF81706E73700D53AE3 /* InfoPlist.strings */ = {
			isa = PBXVariantGroup;
			children = (
				F3966EF91706E73700D53AE3 /* en */,
			);
			name = InfoPlist.strings;
			sourceTree = "<group>";
		};
		F3966F0A1706E73700D53AE3 /* ViewController_iPhone.xib */ = {
			isa = PBXVariantGroup;
			children = (
				F3966F0B1706E73700D53AE3 /* en */,
			);
			name = ViewController_iPhone.xib;
			sourceTree = "<group>";
		};
		F3966F0D1706E73700D53AE3 /* ViewController_iPad.xib */ = {
			isa = PBXVariantGroup;
			children = (
				F3966F0E1706E73700D53AE3 /* en */,
			);
			name = ViewController_iPad.xib;
			sourceTree = "<group>";
		};
/* End PBXVariantGroup section */

/* Begin XCBuildConfiguration section */
		F3966F101706E73700D53AE3 /* Debug */ = {
			isa = XCBuildConfiguration;
			buildSettings = {
				ALWAYS_SEARCH_USER_PATHS = NO;
				CLANG_CXX_LANGUAGE_STANDARD = "gnu++0x";
				CLANG_CXX_LIBRARY = "libc++";
				CLANG_ENABLE_OBJC_ARC = YES;
				CLANG_WARN_CONSTANT_CONVERSION = YES;
				CLANG_WARN_EMPTY_BODY = YES;
				CLANG_WARN_ENUM_CONVERSION = YES;
				CLANG_WARN_INT_CONVERSION = YES;
				CLANG_WARN__DUPLICATE_METHOD_MATCH = YES;
				"CODE_SIGN_IDENTITY[sdk=iphoneos*]" = "iPhone Developer";
				COPY_PHASE_STRIP = NO;
				GCC_C_LANGUAGE_STANDARD = gnu99;
				GCC_DYNAMIC_NO_PIC = NO;
				GCC_OPTIMIZATION_LEVEL = 0;
				GCC_PREPROCESSOR_DEFINITIONS = (
					"DEBUG=1",
					"$(inherited)",
				);
				GCC_SYMBOLS_PRIVATE_EXTERN = NO;
				GCC_WARN_ABOUT_RETURN_TYPE = YES;
				GCC_WARN_UNINITIALIZED_AUTOS = YES;
				GCC_WARN_UNUSED_VARIABLE = YES;
				IPHONEOS_DEPLOYMENT_TARGET = 6.1;
				ONLY_ACTIVE_ARCH = YES;
				SDKROOT = iphoneos;
				TARGETED_DEVICE_FAMILY = "1,2";
			};
			name = Debug;
		};
		F3966F111706E73700D53AE3 /* Release */ = {
			isa = XCBuildConfiguration;
			buildSettings = {
				ALWAYS_SEARCH_USER_PATHS = NO;
				CLANG_CXX_LANGUAGE_STANDARD = "gnu++0x";
				CLANG_CXX_LIBRARY = "libc++";
				CLANG_ENABLE_OBJC_ARC = YES;
				CLANG_WARN_CONSTANT_CONVERSION = YES;
				CLANG_WARN_EMPTY_BODY = YES;
				CLANG_WARN_ENUM_CONVERSION = YES;
				CLANG_WARN_INT_CONVERSION = YES;
				CLANG_WARN__DUPLICATE_METHOD_MATCH = YES;
				"CODE_SIGN_IDENTITY[sdk=iphoneos*]" = "iPhone Developer";
				COPY_PHASE_STRIP = YES;
				GCC_C_LANGUAGE_STANDARD = gnu99;
				GCC_WARN_ABOUT_RETURN_TYPE = YES;
				GCC_WARN_UNINITIALIZED_AUTOS = YES;
				GCC_WARN_UNUSED_VARIABLE = YES;
				IPHONEOS_DEPLOYMENT_TARGET = 6.1;
				OTHER_CFLAGS = "-DNS_BLOCK_ASSERTIONS=1";
				SDKROOT = iphoneos;
				TARGETED_DEVICE_FAMILY = "1,2";
				VALIDATE_PRODUCT = YES;
			};
			name = Release;
		};
		F3966F131706E73700D53AE3 /* Debug */ = {
			isa = XCBuildConfiguration;
			buildSettings = {
				GCC_PRECOMPILE_PREFIX_HEADER = YES;
				GCC_PREFIX_HEADER = "Remote Dialer/Remote Dialer-Prefix.pch";
				INFOPLIST_FILE = "Remote Dialer/Remote Dialer-Info.plist";
				PRODUCT_NAME = "$(TARGET_NAME)";
				WRAPPER_EXTENSION = app;
			};
			name = Debug;
		};
		F3966F141706E73700D53AE3 /* Release */ = {
			isa = XCBuildConfiguration;
			buildSettings = {
				GCC_PRECOMPILE_PREFIX_HEADER = YES;
				GCC_PREFIX_HEADER = "Remote Dialer/Remote Dialer-Prefix.pch";
				INFOPLIST_FILE = "Remote Dialer/Remote Dialer-Info.plist";
				PRODUCT_NAME = "$(TARGET_NAME)";
				WRAPPER_EXTENSION = app;
			};
			name = Release;
		};
/* End XCBuildConfiguration section */

/* Begin XCConfigurationList section */
		F3966EE71706E73700D53AE3 /* Build configuration list for PBXProject "Remote Dialer" */ = {
			isa = XCConfigurationList;
			buildConfigurations = (
				F3966F101706E73700D53AE3 /* Debug */,
				F3966F111706E73700D53AE3 /* Release */,
			);
			defaultConfigurationIsVisible = 0;
			defaultConfigurationName = Release;
		};
		F3966F121706E73700D53AE3 /* Build configuration list for PBXNativeTarget "Remote Dialer" */ = {
			isa = XCConfigurationList;
			buildConfigurations = (
				F3966F131706E73700D53AE3 /* Debug */,
				F3966F141706E73700D53AE3 /* Release */,
			);
			defaultConfigurationIsVisible = 0;
		};
/* End XCConfigurationList section */
	};
	rootObject = F3966EE41706E73700D53AE3 /* Project object */;
}
